{
    "_readme": [
        "This file locks the dependencies of your project to a known state",
        "Read more about it at http://getcomposer.org/doc/01-basic-usage.md#composer-lock-the-lock-file"
    ],
    "hash": "e9a2fa78cc4802c794c133a3eca87aa3",
    "packages": [
        {
            "name": "stichoza/google-translate-php",
            "version": "v2.0.3",
            "source": {
                "type": "git",
                "url": "https://github.com/Stichoza/google-translate-php.git",
                "reference": "7bdf29ed44ed71dadac80ec389699ee327acdf27"
            },
            "dist": {
                "type": "zip",
                "url": "https://api.github.com/repos/Stichoza/google-translate-php/zipball/7bdf29ed44ed71dadac80ec389699ee327acdf27",
                "reference": "7bdf29ed44ed71dadac80ec389699ee327acdf27",
                "shasum": ""
            },
            "require": {
                "php": ">=5.3.29"
            },
            "require-dev": {
                "phpspec/phpspec": "~2.0",
                "phpunit/phpunit": "~3.7"
            },
            "type": "library",
            "autoload": {
                "psr-0": {
                    "Stichoza\\Google\\": "src/"
                },
                "psr-4": {
                    "Stichoza\\Google\\": "src/Stichoza/Google/"
                }
            },
            "notification-url": "https://packagist.org/downloads/",
            "license": [
                "MIT"
            ],
            "authors": [
                {
                    "name": "Levan Velijanashvili",
                    "email": "me@stichoza.com"
                }
            ],
            "description": "Google Translate API free PHP class",
            "homepage": "http://github.com/Stichoza/google-translate-php",
            "keywords": [
                "google",
                "php",
                "translate"
            ],
            "time": "2014-10-17 19:24:36"
        }
    ],
    "packages-dev": [

    ],
    "aliases": [

    ],
    "minimum-stability": "stable",
    "stability-flags": [

    ],
    "platform": [

    ],
    "platform-dev": [

    ]
}
